{
  "version": "3",
  "remote": {
    "https://deno.land/std@0.205.0/fmt/bytes.ts": "f29cf69e0791d375f9f5d94ae1f0641e5a03b975f32ddf86d70f70fdf37e7b6a",
    "https://deno.land/std@0.205.0/fmt/colors.ts": "c51c4642678eb690dcf5ffee5918b675bf01a33fba82acf303701ae1a4f8c8d9",
    "https://deno.land/x/ctrlc@0.2.1/mod.ts": "b7895894c596f2e8355d3b181ed30fa74cb54b94c419b730f6cb6ff96b20ec8b"
  }
}
